// !$*UTF8*$!
{
	archiveVersion = 1;
	classes = {
	};
	objectVersion = 50;
	objects = {

/* Begin PBXBuildFile section */
		163E592E260CB88E00E54401 /* KwartrackerApp.swift in Sources */ = {isa = PBXBuildFile; fileRef = 163E592D260CB88E00E54401 /* KwartrackerApp.swift */; };
		163E5930260CB88E00E54401 /* ContentView.swift in Sources */ = {isa = PBXBuildFile; fileRef = 163E592F260CB88E00E54401 /* ContentView.swift */; };
		163E5932260CB89100E54401 /* Images.xcassets in Resources */ = {isa = PBXBuildFile; fileRef = 163E5931260CB89100E54401 /* Images.xcassets */; };
		163E5935260CB89100E54401 /* Preview Assets.xcassets in Resources */ = {isa = PBXBuildFile; fileRef = 163E5934260CB89100E54401 /* Preview Assets.xcassets */; };
		163E5940260CB89100E54401 /* KwartrackerTests.swift in Sources */ = {isa = PBXBuildFile; fileRef = 163E593F260CB89100E54401 /* KwartrackerTests.swift */; };
		163E594B260CB89100E54401 /* KwartrackerUITests.swift in Sources */ = {isa = PBXBuildFile; fileRef = 163E594A260CB89100E54401 /* KwartrackerUITests.swift */; };
		163E5B64260F32A000E54401 /* Obfuscate.swift in Sources */ = {isa = PBXBuildFile; fileRef = 163E5B63260F329F00E54401 /* Obfuscate.swift */; };
		163E5B6C260F337600E54401 /* Secrets.swift in Sources */ = {isa = PBXBuildFile; fileRef = 163E5B6B260F337600E54401 /* Secrets.swift */; };
		164E95E726121B6400D84B7F /* Store.swift in Sources */ = {isa = PBXBuildFile; fileRef = 164E95E626121B6400D84B7F /* Store.swift */; };
		164E95EC2612224100D84B7F /* AppState.swift in Sources */ = {isa = PBXBuildFile; fileRef = 164E95EB2612224100D84B7F /* AppState.swift */; };
		164E95F226122BD200D84B7F /* AppReducer.swift in Sources */ = {isa = PBXBuildFile; fileRef = 164E95F126122BD200D84B7F /* AppReducer.swift */; };
		164E95FA26122BE200D84B7F /* AppAction.swift in Sources */ = {isa = PBXBuildFile; fileRef = 164E95F926122BE200D84B7F /* AppAction.swift */; };
		164E95FF26122C5E00D84B7F /* World.swift in Sources */ = {isa = PBXBuildFile; fileRef = 164E95FE26122C5E00D84B7F /* World.swift */; };
		164E97E82614AC2900D84B7F /* Localizable.strings in Resources */ = {isa = PBXBuildFile; fileRef = 164E97EA2614AC2900D84B7F /* Localizable.strings */; };
		164E97EF2614ACF000D84B7F /* Strings.swift in Sources */ = {isa = PBXBuildFile; fileRef = 164E97ED2614ACF000D84B7F /* Strings.swift */; };
		164E97F02614ACF000D84B7F /* Assets.swift in Sources */ = {isa = PBXBuildFile; fileRef = 164E97EE2614ACF000D84B7F /* Assets.swift */; };
		164E988D2615C4BA00D84B7F /* Colors.xcassets in Resources */ = {isa = PBXBuildFile; fileRef = 164E988C2615C4BA00D84B7F /* Colors.xcassets */; };
		16CCE83C26523F2400345778 /* (null) in Sources */ = {isa = PBXBuildFile; };
		16CCE83D26523F2400345778 /* (null) in Sources */ = {isa = PBXBuildFile; };
		16CCE83E26523F2400345778 /* (null) in Sources */ = {isa = PBXBuildFile; };
		16FC4F25265C7B4F00D1B7E2 /* CircleButtonStyle.swift in Sources */ = {isa = PBXBuildFile; fileRef = 16FC4F24265C7B4F00D1B7E2 /* CircleButtonStyle.swift */; };
		16FC4F2E265C7B8000D1B7E2 /* LinearGradient+Extensions.swift in Sources */ = {isa = PBXBuildFile; fileRef = 16FC4F2D265C7B8000D1B7E2 /* LinearGradient+Extensions.swift */; };
		242950A626578AF10075C054 /* PopupConfirmationView.swift in Sources */ = {isa = PBXBuildFile; fileRef = 242950A526578AF10075C054 /* PopupConfirmationView.swift */; };
		242950A926578CEF0075C054 /* PopupContentView.swift in Sources */ = {isa = PBXBuildFile; fileRef = 242950A826578CEF0075C054 /* PopupContentView.swift */; };
		244A3B7E263A644E00D8B08B /* EditProfileView.swift in Sources */ = {isa = PBXBuildFile; fileRef = 244A3B7D263A644E00D8B08B /* EditProfileView.swift */; };
		244A3B81263A652500D8B08B /* EditProfileContentView.swift in Sources */ = {isa = PBXBuildFile; fileRef = 244A3B80263A652500D8B08B /* EditProfileContentView.swift */; };
		245FFEE62654B71400042B3E /* FieldType.swift in Sources */ = {isa = PBXBuildFile; fileRef = 245FFEE52654B71400042B3E /* FieldType.swift */; };
		246D7236265B54CE0011F960 /* BirthdateField.swift in Sources */ = {isa = PBXBuildFile; fileRef = 246D7235265B54CE0011F960 /* BirthdateField.swift */; };
		24747FEC2628261A00C7A9A8 /* ChangePasswordView.swift in Sources */ = {isa = PBXBuildFile; fileRef = 24747FEB2628261A00C7A9A8 /* ChangePasswordView.swift */; };
		247480032628281200C7A9A8 /* NavigationHeaderView.swift in Sources */ = {isa = PBXBuildFile; fileRef = 247480022628281200C7A9A8 /* NavigationHeaderView.swift */; };
		24748008262832B800C7A9A8 /* ChangePasswordBodyView.swift in Sources */ = {isa = PBXBuildFile; fileRef = 24748007262832B800C7A9A8 /* ChangePasswordBodyView.swift */; };
		24AC7C8E265B716500CE4282 /* SettingsView.swift in Sources */ = {isa = PBXBuildFile; fileRef = 24AC7C8D265B716500CE4282 /* SettingsView.swift */; };
		24AC7C90265B718900CE4282 /* SettingsBodyView.swift in Sources */ = {isa = PBXBuildFile; fileRef = 24AC7C8F265B718900CE4282 /* SettingsBodyView.swift */; };
		290CA1B2261EABE400239EA7 /* swiftgen.yml in Resources */ = {isa = PBXBuildFile; fileRef = 290CA1B1261EABE400239EA7 /* swiftgen.yml */; };
		7A17D13226298678005BB190 /* UserField.swift in Sources */ = {isa = PBXBuildFile; fileRef = 7A17D13126298678005BB190 /* UserField.swift */; };
		7A17D13A26298695005BB190 /* SNSButton.swift in Sources */ = {isa = PBXBuildFile; fileRef = 7A17D13926298695005BB190 /* SNSButton.swift */; };
		7A734D92262FFAA900557EF7 /* BWNeumorphicRectangle.swift in Sources */ = {isa = PBXBuildFile; fileRef = 7A734D91262FFAA900557EF7 /* BWNeumorphicRectangle.swift */; };
		7A7FA1322637B70A00484F51 /* FootnoteButton.swift in Sources */ = {isa = PBXBuildFile; fileRef = 7A7FA1312637B70A00484F51 /* FootnoteButton.swift */; };
		7AB1B91E26438C7C00853FAC /* RoundedCornerRectangle.swift in Sources */ = {isa = PBXBuildFile; fileRef = 7AB1B91D26438C7C00853FAC /* RoundedCornerRectangle.swift */; };
		7AB88B1E262805F300E2DFD3 /* View+Extensions.swift in Sources */ = {isa = PBXBuildFile; fileRef = 7AB88B1D262805F300E2DFD3 /* View+Extensions.swift */; };
		7AB88B282628071C00E2DFD3 /* RoundedCorner.swift in Sources */ = {isa = PBXBuildFile; fileRef = 7AB88B272628071C00E2DFD3 /* RoundedCorner.swift */; };
		7AD9B86B2626EC0000CF0EA6 /* SignInHeaderView.swift in Sources */ = {isa = PBXBuildFile; fileRef = 7AD9B86A2626EC0000CF0EA6 /* SignInHeaderView.swift */; };
		7AD9B8732626EC2A00CF0EA6 /* SkeletalView.swift in Sources */ = {isa = PBXBuildFile; fileRef = 7AD9B8722626EC2A00CF0EA6 /* SkeletalView.swift */; };
		7AD9B8812626F17400CF0EA6 /* SignInContentView.swift in Sources */ = {isa = PBXBuildFile; fileRef = 7AD9B8802626F17400CF0EA6 /* SignInContentView.swift */; };
		7AD9B8892626F3A300CF0EA6 /* SignInView.swift in Sources */ = {isa = PBXBuildFile; fileRef = 7AD9B8882626F3A300CF0EA6 /* SignInView.swift */; };
		7FE718881CB43731FBDE3CA8 /* Pods_Kwartracker_KwartrackerUITests.framework in Frameworks */ = {isa = PBXBuildFile; fileRef = BE5FF1E2AB4ED121C5D59731 /* Pods_Kwartracker_KwartrackerUITests.framework */; };
		9A063C037CD795723F7C8978 /* Pods_KwartrackerTests.framework in Frameworks */ = {isa = PBXBuildFile; fileRef = 6486F0961C2844C8AE5C0AA9 /* Pods_KwartrackerTests.framework */; };
		A9CFE877880189ECE3F83CB8 /* Pods_Kwartracker.framework in Frameworks */ = {isa = PBXBuildFile; fileRef = D507178A90E22E9AB2ABF11A /* Pods_Kwartracker.framework */; };
		C6081ADC2652765E003BB9CB /* DialogStatus.swift in Sources */ = {isa = PBXBuildFile; fileRef = C6081ADB2652765E003BB9CB /* DialogStatus.swift */; };
		C6249AA82637EB8C00C55B31 /* SignUpView.swift in Sources */ = {isa = PBXBuildFile; fileRef = C6249AA72637EB8C00C55B31 /* SignUpView.swift */; };
		C65699C32637C91400D24D2F /* SignUpFooterView.swift in Sources */ = {isa = PBXBuildFile; fileRef = C65699C12637C91400D24D2F /* SignUpFooterView.swift */; };
		C65699C42637C91400D24D2F /* SignUpBodyView.swift in Sources */ = {isa = PBXBuildFile; fileRef = C65699C22637C91400D24D2F /* SignUpBodyView.swift */; };
		C6CDDCB0263811F700CB1562 /* AlertView.swift in Sources */ = {isa = PBXBuildFile; fileRef = C6CDDCAF263811F700CB1562 /* AlertView.swift */; };
		C6CDDCC52638125C00CB1562 /* MainAlertView.swift in Sources */ = {isa = PBXBuildFile; fileRef = C6CDDCC42638125C00CB1562 /* MainAlertView.swift */; };
		C6CDDCCB2638135B00CB1562 /* ButtonView.swift in Sources */ = {isa = PBXBuildFile; fileRef = C6CDDCCA2638135B00CB1562 /* ButtonView.swift */; };
		C6CDDCE726381F6E00CB1562 /* MessageView.swift in Sources */ = {isa = PBXBuildFile; fileRef = C6CDDCE626381F6E00CB1562 /* MessageView.swift */; };
/* End PBXBuildFile section */

/* Begin PBXContainerItemProxy section */
		163E593C260CB89100E54401 /* PBXContainerItemProxy */ = {
			isa = PBXContainerItemProxy;
			containerPortal = 163E5922260CB88E00E54401 /* Project object */;
			proxyType = 1;
			remoteGlobalIDString = 163E5929260CB88E00E54401;
			remoteInfo = Kwartracker;
		};
		163E5947260CB89100E54401 /* PBXContainerItemProxy */ = {
			isa = PBXContainerItemProxy;
			containerPortal = 163E5922260CB88E00E54401 /* Project object */;
			proxyType = 1;
			remoteGlobalIDString = 163E5929260CB88E00E54401;
			remoteInfo = Kwartracker;
		};
/* End PBXContainerItemProxy section */

/* Begin PBXFileReference section */
		163E592A260CB88E00E54401 /* Kwartracker.app */ = {isa = PBXFileReference; explicitFileType = wrapper.application; includeInIndex = 0; path = Kwartracker.app; sourceTree = BUILT_PRODUCTS_DIR; };
		163E592D260CB88E00E54401 /* KwartrackerApp.swift */ = {isa = PBXFileReference; lastKnownFileType = sourcecode.swift; path = KwartrackerApp.swift; sourceTree = "<group>"; };
		163E592F260CB88E00E54401 /* ContentView.swift */ = {isa = PBXFileReference; lastKnownFileType = sourcecode.swift; path = ContentView.swift; sourceTree = "<group>"; };
		163E5931260CB89100E54401 /* Images.xcassets */ = {isa = PBXFileReference; lastKnownFileType = folder.assetcatalog; path = Images.xcassets; sourceTree = "<group>"; };
		163E5934260CB89100E54401 /* Preview Assets.xcassets */ = {isa = PBXFileReference; lastKnownFileType = folder.assetcatalog; path = "Preview Assets.xcassets"; sourceTree = "<group>"; };
		163E5936260CB89100E54401 /* Info.plist */ = {isa = PBXFileReference; lastKnownFileType = text.plist.xml; path = Info.plist; sourceTree = "<group>"; };
		163E593B260CB89100E54401 /* KwartrackerTests.xctest */ = {isa = PBXFileReference; explicitFileType = wrapper.cfbundle; includeInIndex = 0; path = KwartrackerTests.xctest; sourceTree = BUILT_PRODUCTS_DIR; };
		163E593F260CB89100E54401 /* KwartrackerTests.swift */ = {isa = PBXFileReference; lastKnownFileType = sourcecode.swift; path = KwartrackerTests.swift; sourceTree = "<group>"; };
		163E5941260CB89100E54401 /* Info.plist */ = {isa = PBXFileReference; lastKnownFileType = text.plist.xml; path = Info.plist; sourceTree = "<group>"; };
		163E5946260CB89100E54401 /* KwartrackerUITests.xctest */ = {isa = PBXFileReference; explicitFileType = wrapper.cfbundle; includeInIndex = 0; path = KwartrackerUITests.xctest; sourceTree = BUILT_PRODUCTS_DIR; };
		163E594A260CB89100E54401 /* KwartrackerUITests.swift */ = {isa = PBXFileReference; lastKnownFileType = sourcecode.swift; path = KwartrackerUITests.swift; sourceTree = "<group>"; };
		163E594C260CB89100E54401 /* Info.plist */ = {isa = PBXFileReference; lastKnownFileType = text.plist.xml; path = Info.plist; sourceTree = "<group>"; };
		163E5B63260F329F00E54401 /* Obfuscate.swift */ = {isa = PBXFileReference; lastKnownFileType = sourcecode.swift; path = Obfuscate.swift; sourceTree = "<group>"; };
		163E5B6B260F337600E54401 /* Secrets.swift */ = {isa = PBXFileReference; lastKnownFileType = sourcecode.swift; path = Secrets.swift; sourceTree = "<group>"; };
		164E95E626121B6400D84B7F /* Store.swift */ = {isa = PBXFileReference; lastKnownFileType = sourcecode.swift; path = Store.swift; sourceTree = "<group>"; };
		164E95EB2612224100D84B7F /* AppState.swift */ = {isa = PBXFileReference; lastKnownFileType = sourcecode.swift; path = AppState.swift; sourceTree = "<group>"; };
		164E95F126122BD200D84B7F /* AppReducer.swift */ = {isa = PBXFileReference; lastKnownFileType = sourcecode.swift; path = AppReducer.swift; sourceTree = "<group>"; };
		164E95F926122BE200D84B7F /* AppAction.swift */ = {isa = PBXFileReference; lastKnownFileType = sourcecode.swift; path = AppAction.swift; sourceTree = "<group>"; };
		164E95FE26122C5E00D84B7F /* World.swift */ = {isa = PBXFileReference; lastKnownFileType = sourcecode.swift; path = World.swift; sourceTree = "<group>"; };
		164E97E92614AC2900D84B7F /* fil-PH */ = {isa = PBXFileReference; lastKnownFileType = text.plist.strings; name = "fil-PH"; path = "fil-PH.lproj/Localizable.strings"; sourceTree = "<group>"; };
		164E97EB2614AC3100D84B7F /* en */ = {isa = PBXFileReference; lastKnownFileType = text.plist.strings; name = en; path = en.lproj/Localizable.strings; sourceTree = "<group>"; };
		164E97ED2614ACF000D84B7F /* Strings.swift */ = {isa = PBXFileReference; fileEncoding = 4; lastKnownFileType = sourcecode.swift; path = Strings.swift; sourceTree = "<group>"; };
		164E97EE2614ACF000D84B7F /* Assets.swift */ = {isa = PBXFileReference; fileEncoding = 4; lastKnownFileType = sourcecode.swift; path = Assets.swift; sourceTree = "<group>"; };
		164E988C2615C4BA00D84B7F /* Colors.xcassets */ = {isa = PBXFileReference; lastKnownFileType = folder.assetcatalog; path = Colors.xcassets; sourceTree = "<group>"; };
		16FC4F24265C7B4F00D1B7E2 /* CircleButtonStyle.swift */ = {isa = PBXFileReference; lastKnownFileType = sourcecode.swift; path = CircleButtonStyle.swift; sourceTree = "<group>"; };
		16FC4F2D265C7B8000D1B7E2 /* LinearGradient+Extensions.swift */ = {isa = PBXFileReference; lastKnownFileType = sourcecode.swift; path = "LinearGradient+Extensions.swift"; sourceTree = "<group>"; };
		242950A526578AF10075C054 /* PopupConfirmationView.swift */ = {isa = PBXFileReference; lastKnownFileType = sourcecode.swift; path = PopupConfirmationView.swift; sourceTree = "<group>"; };
		242950A826578CEF0075C054 /* PopupContentView.swift */ = {isa = PBXFileReference; lastKnownFileType = sourcecode.swift; path = PopupContentView.swift; sourceTree = "<group>"; };
		244A3B7D263A644E00D8B08B /* EditProfileView.swift */ = {isa = PBXFileReference; lastKnownFileType = sourcecode.swift; path = EditProfileView.swift; sourceTree = "<group>"; };
		244A3B80263A652500D8B08B /* EditProfileContentView.swift */ = {isa = PBXFileReference; lastKnownFileType = sourcecode.swift; path = EditProfileContentView.swift; sourceTree = "<group>"; };
		245FFEE52654B71400042B3E /* FieldType.swift */ = {isa = PBXFileReference; lastKnownFileType = sourcecode.swift; path = FieldType.swift; sourceTree = "<group>"; };
		246D7235265B54CE0011F960 /* BirthdateField.swift */ = {isa = PBXFileReference; lastKnownFileType = sourcecode.swift; path = BirthdateField.swift; sourceTree = "<group>"; };
		24747FEB2628261A00C7A9A8 /* ChangePasswordView.swift */ = {isa = PBXFileReference; lastKnownFileType = sourcecode.swift; path = ChangePasswordView.swift; sourceTree = "<group>"; };
		247480022628281200C7A9A8 /* NavigationHeaderView.swift */ = {isa = PBXFileReference; lastKnownFileType = sourcecode.swift; path = NavigationHeaderView.swift; sourceTree = "<group>"; };
		24748007262832B800C7A9A8 /* ChangePasswordBodyView.swift */ = {isa = PBXFileReference; lastKnownFileType = sourcecode.swift; path = ChangePasswordBodyView.swift; sourceTree = "<group>"; };
		24AC7C8D265B716500CE4282 /* SettingsView.swift */ = {isa = PBXFileReference; lastKnownFileType = sourcecode.swift; path = SettingsView.swift; sourceTree = "<group>"; };
		24AC7C8F265B718900CE4282 /* SettingsBodyView.swift */ = {isa = PBXFileReference; lastKnownFileType = sourcecode.swift; path = SettingsBodyView.swift; sourceTree = "<group>"; };
		290CA1B1261EABE400239EA7 /* swiftgen.yml */ = {isa = PBXFileReference; fileEncoding = 4; lastKnownFileType = text.yaml; path = swiftgen.yml; sourceTree = "<group>"; };
		2B40F9CAECD52C6174D15F90 /* Pods-Kwartracker.debug.xcconfig */ = {isa = PBXFileReference; includeInIndex = 1; lastKnownFileType = text.xcconfig; name = "Pods-Kwartracker.debug.xcconfig"; path = "Target Support Files/Pods-Kwartracker/Pods-Kwartracker.debug.xcconfig"; sourceTree = "<group>"; };
		6486F0961C2844C8AE5C0AA9 /* Pods_KwartrackerTests.framework */ = {isa = PBXFileReference; explicitFileType = wrapper.framework; includeInIndex = 0; path = Pods_KwartrackerTests.framework; sourceTree = BUILT_PRODUCTS_DIR; };
		7A17D13126298678005BB190 /* UserField.swift */ = {isa = PBXFileReference; lastKnownFileType = sourcecode.swift; path = UserField.swift; sourceTree = "<group>"; };
		7A17D13926298695005BB190 /* SNSButton.swift */ = {isa = PBXFileReference; lastKnownFileType = sourcecode.swift; path = SNSButton.swift; sourceTree = "<group>"; };
		7A734D91262FFAA900557EF7 /* BWNeumorphicRectangle.swift */ = {isa = PBXFileReference; lastKnownFileType = sourcecode.swift; path = BWNeumorphicRectangle.swift; sourceTree = "<group>"; };
		7A7FA1312637B70A00484F51 /* FootnoteButton.swift */ = {isa = PBXFileReference; lastKnownFileType = sourcecode.swift; path = FootnoteButton.swift; sourceTree = "<group>"; };
		7AB1B91D26438C7C00853FAC /* RoundedCornerRectangle.swift */ = {isa = PBXFileReference; lastKnownFileType = sourcecode.swift; path = RoundedCornerRectangle.swift; sourceTree = "<group>"; };
		7AB88B1D262805F300E2DFD3 /* View+Extensions.swift */ = {isa = PBXFileReference; lastKnownFileType = sourcecode.swift; path = "View+Extensions.swift"; sourceTree = "<group>"; };
		7AB88B272628071C00E2DFD3 /* RoundedCorner.swift */ = {isa = PBXFileReference; lastKnownFileType = sourcecode.swift; path = RoundedCorner.swift; sourceTree = "<group>"; };
		7AD9B86A2626EC0000CF0EA6 /* SignInHeaderView.swift */ = {isa = PBXFileReference; lastKnownFileType = sourcecode.swift; path = SignInHeaderView.swift; sourceTree = "<group>"; };
		7AD9B8722626EC2A00CF0EA6 /* SkeletalView.swift */ = {isa = PBXFileReference; lastKnownFileType = sourcecode.swift; path = SkeletalView.swift; sourceTree = "<group>"; };
		7AD9B8802626F17400CF0EA6 /* SignInContentView.swift */ = {isa = PBXFileReference; lastKnownFileType = sourcecode.swift; path = SignInContentView.swift; sourceTree = "<group>"; };
		7AD9B8882626F3A300CF0EA6 /* SignInView.swift */ = {isa = PBXFileReference; lastKnownFileType = sourcecode.swift; path = SignInView.swift; sourceTree = "<group>"; };
		9E15A147209E6A913358D61B /* Pods-KwartrackerTests.debug.xcconfig */ = {isa = PBXFileReference; includeInIndex = 1; lastKnownFileType = text.xcconfig; name = "Pods-KwartrackerTests.debug.xcconfig"; path = "Target Support Files/Pods-KwartrackerTests/Pods-KwartrackerTests.debug.xcconfig"; sourceTree = "<group>"; };
		BE5FF1E2AB4ED121C5D59731 /* Pods_Kwartracker_KwartrackerUITests.framework */ = {isa = PBXFileReference; explicitFileType = wrapper.framework; includeInIndex = 0; path = Pods_Kwartracker_KwartrackerUITests.framework; sourceTree = BUILT_PRODUCTS_DIR; };
		C6081ADB2652765E003BB9CB /* DialogStatus.swift */ = {isa = PBXFileReference; lastKnownFileType = sourcecode.swift; path = DialogStatus.swift; sourceTree = "<group>"; };
		C6249AA72637EB8C00C55B31 /* SignUpView.swift */ = {isa = PBXFileReference; lastKnownFileType = sourcecode.swift; path = SignUpView.swift; sourceTree = "<group>"; };
		C65699C12637C91400D24D2F /* SignUpFooterView.swift */ = {isa = PBXFileReference; fileEncoding = 4; lastKnownFileType = sourcecode.swift; path = SignUpFooterView.swift; sourceTree = "<group>"; };
		C65699C22637C91400D24D2F /* SignUpBodyView.swift */ = {isa = PBXFileReference; fileEncoding = 4; lastKnownFileType = sourcecode.swift; path = SignUpBodyView.swift; sourceTree = "<group>"; };
		C6CDDCAF263811F700CB1562 /* AlertView.swift */ = {isa = PBXFileReference; lastKnownFileType = sourcecode.swift; path = AlertView.swift; sourceTree = "<group>"; };
		C6CDDCC42638125C00CB1562 /* MainAlertView.swift */ = {isa = PBXFileReference; lastKnownFileType = sourcecode.swift; path = MainAlertView.swift; sourceTree = "<group>"; };
		C6CDDCCA2638135B00CB1562 /* ButtonView.swift */ = {isa = PBXFileReference; lastKnownFileType = sourcecode.swift; path = ButtonView.swift; sourceTree = "<group>"; };
		C6CDDCE626381F6E00CB1562 /* MessageView.swift */ = {isa = PBXFileReference; lastKnownFileType = sourcecode.swift; path = MessageView.swift; sourceTree = "<group>"; };
		D507178A90E22E9AB2ABF11A /* Pods_Kwartracker.framework */ = {isa = PBXFileReference; explicitFileType = wrapper.framework; includeInIndex = 0; path = Pods_Kwartracker.framework; sourceTree = BUILT_PRODUCTS_DIR; };
		DD3E9E5BB7FB306F0A54B049 /* Pods-Kwartracker-KwartrackerUITests.release.xcconfig */ = {isa = PBXFileReference; includeInIndex = 1; lastKnownFileType = text.xcconfig; name = "Pods-Kwartracker-KwartrackerUITests.release.xcconfig"; path = "Target Support Files/Pods-Kwartracker-KwartrackerUITests/Pods-Kwartracker-KwartrackerUITests.release.xcconfig"; sourceTree = "<group>"; };
		DF4D41E232EA75D22CD128E1 /* Pods-Kwartracker-KwartrackerUITests.debug.xcconfig */ = {isa = PBXFileReference; includeInIndex = 1; lastKnownFileType = text.xcconfig; name = "Pods-Kwartracker-KwartrackerUITests.debug.xcconfig"; path = "Target Support Files/Pods-Kwartracker-KwartrackerUITests/Pods-Kwartracker-KwartrackerUITests.debug.xcconfig"; sourceTree = "<group>"; };
		E92E52C6C8A440656B2D492B /* Pods-Kwartracker.release.xcconfig */ = {isa = PBXFileReference; includeInIndex = 1; lastKnownFileType = text.xcconfig; name = "Pods-Kwartracker.release.xcconfig"; path = "Target Support Files/Pods-Kwartracker/Pods-Kwartracker.release.xcconfig"; sourceTree = "<group>"; };
		ECAD999F4975C5E8E117CF29 /* Pods-KwartrackerTests.release.xcconfig */ = {isa = PBXFileReference; includeInIndex = 1; lastKnownFileType = text.xcconfig; name = "Pods-KwartrackerTests.release.xcconfig"; path = "Target Support Files/Pods-KwartrackerTests/Pods-KwartrackerTests.release.xcconfig"; sourceTree = "<group>"; };
/* End PBXFileReference section */

/* Begin PBXFrameworksBuildPhase section */
		163E5927260CB88E00E54401 /* Frameworks */ = {
			isa = PBXFrameworksBuildPhase;
			buildActionMask = 2147483647;
			files = (
				A9CFE877880189ECE3F83CB8 /* Pods_Kwartracker.framework in Frameworks */,
			);
			runOnlyForDeploymentPostprocessing = 0;
		};
		163E5938260CB89100E54401 /* Frameworks */ = {
			isa = PBXFrameworksBuildPhase;
			buildActionMask = 2147483647;
			files = (
				9A063C037CD795723F7C8978 /* Pods_KwartrackerTests.framework in Frameworks */,
			);
			runOnlyForDeploymentPostprocessing = 0;
		};
		163E5943260CB89100E54401 /* Frameworks */ = {
			isa = PBXFrameworksBuildPhase;
			buildActionMask = 2147483647;
			files = (
				7FE718881CB43731FBDE3CA8 /* Pods_Kwartracker_KwartrackerUITests.framework in Frameworks */,
			);
			runOnlyForDeploymentPostprocessing = 0;
		};
/* End PBXFrameworksBuildPhase section */

/* Begin PBXGroup section */
		163E5921260CB88E00E54401 = {
			isa = PBXGroup;
			children = (
				290CA1B1261EABE400239EA7 /* swiftgen.yml */,
				163E592C260CB88E00E54401 /* Kwartracker */,
				163E593E260CB89100E54401 /* KwartrackerTests */,
				163E5949260CB89100E54401 /* KwartrackerUITests */,
				163E592B260CB88E00E54401 /* Products */,
				FBDD14E75727D540662415F6 /* Pods */,
				326399AE9BF3387D065FB7BA /* Frameworks */,
			);
			sourceTree = "<group>";
		};
		163E592B260CB88E00E54401 /* Products */ = {
			isa = PBXGroup;
			children = (
				163E592A260CB88E00E54401 /* Kwartracker.app */,
				163E593B260CB89100E54401 /* KwartrackerTests.xctest */,
				163E5946260CB89100E54401 /* KwartrackerUITests.xctest */,
			);
			name = Products;
			sourceTree = "<group>";
		};
		163E592C260CB88E00E54401 /* Kwartracker */ = {
			isa = PBXGroup;
			children = (
				163E5B61260F2E0900E54401 /* App Main */,
				163E5B70260F338600E54401 /* Constants */,
				163E5B62260F328900E54401 /* Libraries */,
				16B24BAE261A8D170002065D /* Network */,
				16B24BAF261A8D1C0002065D /* Models */,
				163E5962260CBE0600E54401 /* Store */,
				163E5963260CBF0400E54401 /* Scenes */,
				163E5B74260F34E400E54401 /* Resources */,
				7AB88B1C262805C500E2DFD3 /* Custom Components */,
				163E5936260CB89100E54401 /* Info.plist */,
				163E5933260CB89100E54401 /* Preview Content */,
			);
			path = Kwartracker;
			sourceTree = "<group>";
		};
		163E5933260CB89100E54401 /* Preview Content */ = {
			isa = PBXGroup;
			children = (
				163E5934260CB89100E54401 /* Preview Assets.xcassets */,
			);
			path = "Preview Content";
			sourceTree = "<group>";
		};
		163E593E260CB89100E54401 /* KwartrackerTests */ = {
			isa = PBXGroup;
			children = (
				163E593F260CB89100E54401 /* KwartrackerTests.swift */,
				163E5941260CB89100E54401 /* Info.plist */,
			);
			path = KwartrackerTests;
			sourceTree = "<group>";
		};
		163E5949260CB89100E54401 /* KwartrackerUITests */ = {
			isa = PBXGroup;
			children = (
				163E594A260CB89100E54401 /* KwartrackerUITests.swift */,
				163E594C260CB89100E54401 /* Info.plist */,
			);
			path = KwartrackerUITests;
			sourceTree = "<group>";
		};
		163E5962260CBE0600E54401 /* Store */ = {
			isa = PBXGroup;
			children = (
				164E95F126122BD200D84B7F /* AppReducer.swift */,
				164E95F926122BE200D84B7F /* AppAction.swift */,
				164E95EB2612224100D84B7F /* AppState.swift */,
				164E95E626121B6400D84B7F /* Store.swift */,
				164E95FE26122C5E00D84B7F /* World.swift */,
			);
			path = Store;
			sourceTree = "<group>";
		};
		163E5963260CBF0400E54401 /* Scenes */ = {
			isa = PBXGroup;
			children = (
				24AC7C8B265B713C00CE4282 /* Settings Page */,
				C6081ADA2652764B003BB9CB /* Enums */,
				C6CDDCC92638134600CB1562 /* Reusable */,
				24747FEA2628260200C7A9A8 /* Change-Password Page */,
				244A3B7C263A642B00D8B08B /* Edit-Profile Page */,
				C6CDDCAE263811DD00CB1562 /* Alert */,
				242950A426578AC50075C054 /* Popup Confirmation */,
				163E592F260CB88E00E54401 /* ContentView.swift */,
				7AD9B8722626EC2A00CF0EA6 /* SkeletalView.swift */,
				7AD9B8692626EBA500CF0EA6 /* Sign-in Page */,
				C6A089802637C6D200E6653E /* SignUp */,
			);
			path = Scenes;
			sourceTree = "<group>";
		};
		163E5B61260F2E0900E54401 /* App Main */ = {
			isa = PBXGroup;
			children = (
				163E592D260CB88E00E54401 /* KwartrackerApp.swift */,
			);
			path = "App Main";
			sourceTree = "<group>";
		};
		163E5B62260F328900E54401 /* Libraries */ = {
			isa = PBXGroup;
			children = (
				163E5B63260F329F00E54401 /* Obfuscate.swift */,
			);
			path = Libraries;
			sourceTree = "<group>";
		};
		163E5B70260F338600E54401 /* Constants */ = {
			isa = PBXGroup;
			children = (
				163E5B6B260F337600E54401 /* Secrets.swift */,
			);
			path = Constants;
			sourceTree = "<group>";
		};
		163E5B74260F34E400E54401 /* Resources */ = {
			isa = PBXGroup;
			children = (
				164E97EC2614ACF000D84B7F /* SwiftGen */,
				163E5931260CB89100E54401 /* Images.xcassets */,
				164E988C2615C4BA00D84B7F /* Colors.xcassets */,
				164E97EA2614AC2900D84B7F /* Localizable.strings */,
			);
			path = Resources;
			sourceTree = "<group>";
		};
		164E97EC2614ACF000D84B7F /* SwiftGen */ = {
			isa = PBXGroup;
			children = (
				164E97ED2614ACF000D84B7F /* Strings.swift */,
				164E97EE2614ACF000D84B7F /* Assets.swift */,
			);
			path = SwiftGen;
			sourceTree = "<group>";
		};
		16B24BAE261A8D170002065D /* Network */ = {
			isa = PBXGroup;
			children = (
			);
			path = Network;
			sourceTree = "<group>";
		};
		16B24BAF261A8D1C0002065D /* Models */ = {
			isa = PBXGroup;
			children = (
			);
			path = Models;
			sourceTree = "<group>";
		};
		16CCE83626523F2400345778 /* Alert View */ = {
			isa = PBXGroup;
			children = (
			);
			path = "Alert View";
			sourceTree = "<group>";
		};
		16FC4F23265C7B4300D1B7E2 /* Button Style */ = {
			isa = PBXGroup;
			children = (
				16FC4F24265C7B4F00D1B7E2 /* CircleButtonStyle.swift */,
			);
			path = "Button Style";
			sourceTree = "<group>";
		};
		16FC4F2C265C7B6A00D1B7E2 /* Linear Gradient */ = {
			isa = PBXGroup;
			children = (
				16FC4F2D265C7B8000D1B7E2 /* LinearGradient+Extensions.swift */,
			);
			path = "Linear Gradient";
			sourceTree = "<group>";
		};
		242950A426578AC50075C054 /* Popup Confirmation */ = {
			isa = PBXGroup;
			children = (
				242950A726578AF80075C054 /* Content */,
				242950A526578AF10075C054 /* PopupConfirmationView.swift */,
			);
			path = "Popup Confirmation";
			sourceTree = "<group>";
		};
		242950A726578AF80075C054 /* Content */ = {
			isa = PBXGroup;
			children = (
				242950A826578CEF0075C054 /* PopupContentView.swift */,
			);
			path = Content;
			sourceTree = "<group>";
		};
		244A3B7C263A642B00D8B08B /* Edit-Profile Page */ = {
			isa = PBXGroup;
			children = (
				244A3B7F263A64F500D8B08B /* Content */,
				244A3B7D263A644E00D8B08B /* EditProfileView.swift */,
			);
			path = "Edit-Profile Page";
			sourceTree = "<group>";
		};
		244A3B7F263A64F500D8B08B /* Content */ = {
			isa = PBXGroup;
			children = (
				244A3B80263A652500D8B08B /* EditProfileContentView.swift */,
			);
			path = Content;
			sourceTree = "<group>";
		};
		24747FEA2628260200C7A9A8 /* Change-Password Page */ = {
			isa = PBXGroup;
			children = (
				24747FEB2628261A00C7A9A8 /* ChangePasswordView.swift */,
				24747FF32628262000C7A9A8 /* Content */,
			);
			path = "Change-Password Page";
			sourceTree = "<group>";
		};
		24747FF32628262000C7A9A8 /* Content */ = {
			isa = PBXGroup;
			children = (
				247480022628281200C7A9A8 /* NavigationHeaderView.swift */,
				24748007262832B800C7A9A8 /* ChangePasswordBodyView.swift */,
			);
			path = Content;
			sourceTree = "<group>";
		};
		24AC7C8B265B713C00CE4282 /* Settings Page */ = {
			isa = PBXGroup;
			children = (
				24AC7C8C265B714500CE4282 /* Content */,
				24AC7C8D265B716500CE4282 /* SettingsView.swift */,
			);
			path = "Settings Page";
			sourceTree = "<group>";
		};
		24AC7C8C265B714500CE4282 /* Content */ = {
			isa = PBXGroup;
			children = (
				24AC7C8F265B718900CE4282 /* SettingsBodyView.swift */,
			);
			path = Content;
			sourceTree = "<group>";
		};
		326399AE9BF3387D065FB7BA /* Frameworks */ = {
			isa = PBXGroup;
			children = (
				D507178A90E22E9AB2ABF11A /* Pods_Kwartracker.framework */,
				BE5FF1E2AB4ED121C5D59731 /* Pods_Kwartracker_KwartrackerUITests.framework */,
				6486F0961C2844C8AE5C0AA9 /* Pods_KwartrackerTests.framework */,
			);
			name = Frameworks;
			sourceTree = "<group>";
		};
		7A17D1302629863A005BB190 /* Sign-in Reusables */ = {
			isa = PBXGroup;
			children = (
				7A17D13126298678005BB190 /* UserField.swift */,
				7A17D13926298695005BB190 /* SNSButton.swift */,
				7AB1B91D26438C7C00853FAC /* RoundedCornerRectangle.swift */,
				7A734D91262FFAA900557EF7 /* BWNeumorphicRectangle.swift */,
				7A7FA1312637B70A00484F51 /* FootnoteButton.swift */,
			);
			path = "Sign-in Reusables";
			sourceTree = "<group>";
		};
		7AB88B1C262805C500E2DFD3 /* Custom Components */ = {
			isa = PBXGroup;
			children = (
				16FC4F2C265C7B6A00D1B7E2 /* Linear Gradient */,
				16FC4F23265C7B4300D1B7E2 /* Button Style */,
				16CCE83626523F2400345778 /* Alert View */,
				7AB88B23262806D400E2DFD3 /* View */,
				7AB88B24262806E900E2DFD3 /* Shape */,
				7AB88B26262806FC00E2DFD3 /* Preference Key */,
			);
			path = "Custom Components";
			sourceTree = "<group>";
		};
		7AB88B23262806D400E2DFD3 /* View */ = {
			isa = PBXGroup;
			children = (
				7AB88B1D262805F300E2DFD3 /* View+Extensions.swift */,
			);
			path = View;
			sourceTree = "<group>";
		};
		7AB88B24262806E900E2DFD3 /* Shape */ = {
			isa = PBXGroup;
			children = (
				7AB88B272628071C00E2DFD3 /* RoundedCorner.swift */,
			);
			path = Shape;
			sourceTree = "<group>";
		};
		7AB88B26262806FC00E2DFD3 /* Preference Key */ = {
			isa = PBXGroup;
			children = (
			);
			path = "Preference Key";
			sourceTree = "<group>";
		};
		7AD9B8692626EBA500CF0EA6 /* Sign-in Page */ = {
			isa = PBXGroup;
			children = (
				7AD9B8882626F3A300CF0EA6 /* SignInView.swift */,
				7AD9B8972626F43F00CF0EA6 /* Content */,
			);
			path = "Sign-in Page";
			sourceTree = "<group>";
		};
		7AD9B8972626F43F00CF0EA6 /* Content */ = {
			isa = PBXGroup;
			children = (
				7AD9B86A2626EC0000CF0EA6 /* SignInHeaderView.swift */,
				7AD9B8802626F17400CF0EA6 /* SignInContentView.swift */,
				7A17D1302629863A005BB190 /* Sign-in Reusables */,
			);
			path = Content;
			sourceTree = "<group>";
		};
		C6081ADA2652764B003BB9CB /* Enums */ = {
			isa = PBXGroup;
			children = (
				245FFEE52654B71400042B3E /* FieldType.swift */,
				C6081ADB2652765E003BB9CB /* DialogStatus.swift */,
			);
			path = Enums;
			sourceTree = "<group>";
		};
		C65699C02637C8EE00D24D2F /* Content */ = {
			isa = PBXGroup;
			children = (
				C65699C22637C91400D24D2F /* SignUpBodyView.swift */,
				C65699C12637C91400D24D2F /* SignUpFooterView.swift */,
			);
			path = Content;
			sourceTree = "<group>";
		};
		C6A089802637C6D200E6653E /* SignUp */ = {
			isa = PBXGroup;
			children = (
				C65699C02637C8EE00D24D2F /* Content */,
				C6249AA72637EB8C00C55B31 /* SignUpView.swift */,
			);
			path = SignUp;
			sourceTree = "<group>";
		};
		C6CDDCAE263811DD00CB1562 /* Alert */ = {
			isa = PBXGroup;
			children = (
				C6CDDCB7263811FB00CB1562 /*  Content */,
				C6CDDCAF263811F700CB1562 /* AlertView.swift */,
			);
			path = Alert;
			sourceTree = "<group>";
		};
		C6CDDCB7263811FB00CB1562 /*  Content */ = {
			isa = PBXGroup;
			children = (
				C6CDDCC42638125C00CB1562 /* MainAlertView.swift */,
			);
			path = " Content";
			sourceTree = "<group>";
		};
		C6CDDCC92638134600CB1562 /* Reusable */ = {
			isa = PBXGroup;
			children = (
				C6CDDCCA2638135B00CB1562 /* ButtonView.swift */,
				C6CDDCE626381F6E00CB1562 /* MessageView.swift */,
				246D7235265B54CE0011F960 /* BirthdateField.swift */,
			);
			path = Reusable;
			sourceTree = "<group>";
		};
		FBDD14E75727D540662415F6 /* Pods */ = {
			isa = PBXGroup;
			children = (
				2B40F9CAECD52C6174D15F90 /* Pods-Kwartracker.debug.xcconfig */,
				E92E52C6C8A440656B2D492B /* Pods-Kwartracker.release.xcconfig */,
				DF4D41E232EA75D22CD128E1 /* Pods-Kwartracker-KwartrackerUITests.debug.xcconfig */,
				DD3E9E5BB7FB306F0A54B049 /* Pods-Kwartracker-KwartrackerUITests.release.xcconfig */,
				9E15A147209E6A913358D61B /* Pods-KwartrackerTests.debug.xcconfig */,
				ECAD999F4975C5E8E117CF29 /* Pods-KwartrackerTests.release.xcconfig */,
			);
			path = Pods;
			sourceTree = "<group>";
		};
/* End PBXGroup section */

/* Begin PBXNativeTarget section */
		163E5929260CB88E00E54401 /* Kwartracker */ = {
			isa = PBXNativeTarget;
			buildConfigurationList = 163E594F260CB89100E54401 /* Build configuration list for PBXNativeTarget "Kwartracker" */;
			buildPhases = (
				212A3F62359ED7E67B9CFF95 /* [CP] Check Pods Manifest.lock */,
				163E5926260CB88E00E54401 /* Sources */,
				163E5927260CB88E00E54401 /* Frameworks */,
				163E5928260CB88E00E54401 /* Resources */,
				164E97F42614AD5D00D84B7F /* SwiftGen */,
				164E985B2615714500D84B7F /* SwiftLint */,
			);
			buildRules = (
			);
			dependencies = (
			);
			name = Kwartracker;
			productName = Kwartracker;
			productReference = 163E592A260CB88E00E54401 /* Kwartracker.app */;
			productType = "com.apple.product-type.application";
		};
		163E593A260CB89100E54401 /* KwartrackerTests */ = {
			isa = PBXNativeTarget;
			buildConfigurationList = 163E5952260CB89100E54401 /* Build configuration list for PBXNativeTarget "KwartrackerTests" */;
			buildPhases = (
				8359655294054C8DB86D83E4 /* [CP] Check Pods Manifest.lock */,
				163E5937260CB89100E54401 /* Sources */,
				163E5938260CB89100E54401 /* Frameworks */,
				163E5939260CB89100E54401 /* Resources */,
			);
			buildRules = (
			);
			dependencies = (
				163E593D260CB89100E54401 /* PBXTargetDependency */,
			);
			name = KwartrackerTests;
			productName = KwartrackerTests;
			productReference = 163E593B260CB89100E54401 /* KwartrackerTests.xctest */;
			productType = "com.apple.product-type.bundle.unit-test";
		};
		163E5945260CB89100E54401 /* KwartrackerUITests */ = {
			isa = PBXNativeTarget;
			buildConfigurationList = 163E5955260CB89100E54401 /* Build configuration list for PBXNativeTarget "KwartrackerUITests" */;
			buildPhases = (
				A886982F673BB981B2DAD49B /* [CP] Check Pods Manifest.lock */,
				163E5942260CB89100E54401 /* Sources */,
				163E5943260CB89100E54401 /* Frameworks */,
				163E5944260CB89100E54401 /* Resources */,
			);
			buildRules = (
			);
			dependencies = (
				163E5948260CB89100E54401 /* PBXTargetDependency */,
			);
			name = KwartrackerUITests;
			productName = KwartrackerUITests;
			productReference = 163E5946260CB89100E54401 /* KwartrackerUITests.xctest */;
			productType = "com.apple.product-type.bundle.ui-testing";
		};
/* End PBXNativeTarget section */

/* Begin PBXProject section */
		163E5922260CB88E00E54401 /* Project object */ = {
			isa = PBXProject;
			attributes = {
				LastSwiftUpdateCheck = 1240;
				LastUpgradeCheck = 1240;
				TargetAttributes = {
					163E5929260CB88E00E54401 = {
						CreatedOnToolsVersion = 12.4;
					};
					163E593A260CB89100E54401 = {
						CreatedOnToolsVersion = 12.4;
						TestTargetID = 163E5929260CB88E00E54401;
					};
					163E5945260CB89100E54401 = {
						CreatedOnToolsVersion = 12.4;
						TestTargetID = 163E5929260CB88E00E54401;
					};
				};
			};
			buildConfigurationList = 163E5925260CB88E00E54401 /* Build configuration list for PBXProject "Kwartracker" */;
			compatibilityVersion = "Xcode 9.3";
			developmentRegion = en;
			hasScannedForEncodings = 0;
			knownRegions = (
				en,
				Base,
				"fil-PH",
			);
			mainGroup = 163E5921260CB88E00E54401;
			productRefGroup = 163E592B260CB88E00E54401 /* Products */;
			projectDirPath = "";
			projectRoot = "";
			targets = (
				163E5929260CB88E00E54401 /* Kwartracker */,
				163E593A260CB89100E54401 /* KwartrackerTests */,
				163E5945260CB89100E54401 /* KwartrackerUITests */,
			);
		};
/* End PBXProject section */

/* Begin PBXResourcesBuildPhase section */
		163E5928260CB88E00E54401 /* Resources */ = {
			isa = PBXResourcesBuildPhase;
			buildActionMask = 2147483647;
			files = (
				164E988D2615C4BA00D84B7F /* Colors.xcassets in Resources */,
				290CA1B2261EABE400239EA7 /* swiftgen.yml in Resources */,
				164E97E82614AC2900D84B7F /* Localizable.strings in Resources */,
				163E5935260CB89100E54401 /* Preview Assets.xcassets in Resources */,
				163E5932260CB89100E54401 /* Images.xcassets in Resources */,
			);
			runOnlyForDeploymentPostprocessing = 0;
		};
		163E5939260CB89100E54401 /* Resources */ = {
			isa = PBXResourcesBuildPhase;
			buildActionMask = 2147483647;
			files = (
			);
			runOnlyForDeploymentPostprocessing = 0;
		};
		163E5944260CB89100E54401 /* Resources */ = {
			isa = PBXResourcesBuildPhase;
			buildActionMask = 2147483647;
			files = (
			);
			runOnlyForDeploymentPostprocessing = 0;
		};
/* End PBXResourcesBuildPhase section */

/* Begin PBXShellScriptBuildPhase section */
		164E97F42614AD5D00D84B7F /* SwiftGen */ = {
			isa = PBXShellScriptBuildPhase;
			buildActionMask = 2147483647;
			files = (
			);
			inputFileListPaths = (
			);
			inputPaths = (
			);
			name = SwiftGen;
			outputFileListPaths = (
			);
			outputPaths = (
			);
			runOnlyForDeploymentPostprocessing = 0;
			shellPath = /bin/sh;
			shellScript = "\"${PROJECT_DIR}/bin/run-swiftgen.sh\"\n";
		};
		164E985B2615714500D84B7F /* SwiftLint */ = {
			isa = PBXShellScriptBuildPhase;
			buildActionMask = 2147483647;
			files = (
			);
			inputFileListPaths = (
			);
			inputPaths = (
			);
			name = SwiftLint;
			outputFileListPaths = (
			);
			outputPaths = (
			);
			runOnlyForDeploymentPostprocessing = 0;
			shellPath = /bin/sh;
			shellScript = "if which swiftlint >/dev/null; then\n  swiftlint\nelse\n  echo \"warning: SwiftLint not installed, download from https://github.com/realm/SwiftLint\"\nfi\n";
		};
		212A3F62359ED7E67B9CFF95 /* [CP] Check Pods Manifest.lock */ = {
			isa = PBXShellScriptBuildPhase;
			buildActionMask = 2147483647;
			files = (
			);
			inputFileListPaths = (
			);
			inputPaths = (
				"${PODS_PODFILE_DIR_PATH}/Podfile.lock",
				"${PODS_ROOT}/Manifest.lock",
			);
			name = "[CP] Check Pods Manifest.lock";
			outputFileListPaths = (
			);
			outputPaths = (
				"$(DERIVED_FILE_DIR)/Pods-Kwartracker-checkManifestLockResult.txt",
			);
			runOnlyForDeploymentPostprocessing = 0;
			shellPath = /bin/sh;
			shellScript = "diff \"${PODS_PODFILE_DIR_PATH}/Podfile.lock\" \"${PODS_ROOT}/Manifest.lock\" > /dev/null\nif [ $? != 0 ] ; then\n    # print error to STDERR\n    echo \"error: The sandbox is not in sync with the Podfile.lock. Run 'pod install' or update your CocoaPods installation.\" >&2\n    exit 1\nfi\n# This output is used by Xcode 'outputs' to avoid re-running this script phase.\necho \"SUCCESS\" > \"${SCRIPT_OUTPUT_FILE_0}\"\n";
			showEnvVarsInLog = 0;
		};
		8359655294054C8DB86D83E4 /* [CP] Check Pods Manifest.lock */ = {
			isa = PBXShellScriptBuildPhase;
			buildActionMask = 2147483647;
			files = (
			);
			inputFileListPaths = (
			);
			inputPaths = (
				"${PODS_PODFILE_DIR_PATH}/Podfile.lock",
				"${PODS_ROOT}/Manifest.lock",
			);
			name = "[CP] Check Pods Manifest.lock";
			outputFileListPaths = (
			);
			outputPaths = (
				"$(DERIVED_FILE_DIR)/Pods-KwartrackerTests-checkManifestLockResult.txt",
			);
			runOnlyForDeploymentPostprocessing = 0;
			shellPath = /bin/sh;
			shellScript = "diff \"${PODS_PODFILE_DIR_PATH}/Podfile.lock\" \"${PODS_ROOT}/Manifest.lock\" > /dev/null\nif [ $? != 0 ] ; then\n    # print error to STDERR\n    echo \"error: The sandbox is not in sync with the Podfile.lock. Run 'pod install' or update your CocoaPods installation.\" >&2\n    exit 1\nfi\n# This output is used by Xcode 'outputs' to avoid re-running this script phase.\necho \"SUCCESS\" > \"${SCRIPT_OUTPUT_FILE_0}\"\n";
			showEnvVarsInLog = 0;
		};
		A886982F673BB981B2DAD49B /* [CP] Check Pods Manifest.lock */ = {
			isa = PBXShellScriptBuildPhase;
			buildActionMask = 2147483647;
			files = (
			);
			inputFileListPaths = (
			);
			inputPaths = (
				"${PODS_PODFILE_DIR_PATH}/Podfile.lock",
				"${PODS_ROOT}/Manifest.lock",
			);
			name = "[CP] Check Pods Manifest.lock";
			outputFileListPaths = (
			);
			outputPaths = (
				"$(DERIVED_FILE_DIR)/Pods-Kwartracker-KwartrackerUITests-checkManifestLockResult.txt",
			);
			runOnlyForDeploymentPostprocessing = 0;
			shellPath = /bin/sh;
			shellScript = "diff \"${PODS_PODFILE_DIR_PATH}/Podfile.lock\" \"${PODS_ROOT}/Manifest.lock\" > /dev/null\nif [ $? != 0 ] ; then\n    # print error to STDERR\n    echo \"error: The sandbox is not in sync with the Podfile.lock. Run 'pod install' or update your CocoaPods installation.\" >&2\n    exit 1\nfi\n# This output is used by Xcode 'outputs' to avoid re-running this script phase.\necho \"SUCCESS\" > \"${SCRIPT_OUTPUT_FILE_0}\"\n";
			showEnvVarsInLog = 0;
		};
/* End PBXShellScriptBuildPhase section */

/* Begin PBXSourcesBuildPhase section */
		163E5926260CB88E00E54401 /* Sources */ = {
			isa = PBXSourcesBuildPhase;
			buildActionMask = 2147483647;
			files = (
				244A3B7E263A644E00D8B08B /* EditProfileView.swift in Sources */,
				7A7FA1322637B70A00484F51 /* FootnoteButton.swift in Sources */,
				C6CDDCE726381F6E00CB1562 /* MessageView.swift in Sources */,
				163E5930260CB88E00E54401 /* ContentView.swift in Sources */,
				7A17D13226298678005BB190 /* UserField.swift in Sources */,
				C6CDDCB0263811F700CB1562 /* AlertView.swift in Sources */,
				24748008262832B800C7A9A8 /* ChangePasswordBodyView.swift in Sources */,
				247480032628281200C7A9A8 /* NavigationHeaderView.swift in Sources */,
				24AC7C90265B718900CE4282 /* SettingsBodyView.swift in Sources */,
				164E95EC2612224100D84B7F /* AppState.swift in Sources */,
				C6249AA82637EB8C00C55B31 /* SignUpView.swift in Sources */,
				C65699C32637C91400D24D2F /* SignUpFooterView.swift in Sources */,
				7AD9B8732626EC2A00CF0EA6 /* SkeletalView.swift in Sources */,
				7AD9B86B2626EC0000CF0EA6 /* SignInHeaderView.swift in Sources */,
				16CCE83C26523F2400345778 /* (null) in Sources */,
				7A17D13A26298695005BB190 /* SNSButton.swift in Sources */,
				C6081ADC2652765E003BB9CB /* DialogStatus.swift in Sources */,
				C6CDDCCB2638135B00CB1562 /* ButtonView.swift in Sources */,
				163E5B6C260F337600E54401 /* Secrets.swift in Sources */,
				164E95FF26122C5E00D84B7F /* World.swift in Sources */,
				C6CDDCC52638125C00CB1562 /* MainAlertView.swift in Sources */,
				16FC4F25265C7B4F00D1B7E2 /* CircleButtonStyle.swift in Sources */,
				16CCE83D26523F2400345778 /* (null) in Sources */,
				7AB88B1E262805F300E2DFD3 /* View+Extensions.swift in Sources */,
				242950A926578CEF0075C054 /* PopupContentView.swift in Sources */,
				164E95FA26122BE200D84B7F /* AppAction.swift in Sources */,
				16CCE83E26523F2400345778 /* (null) in Sources */,
				7AB88B282628071C00E2DFD3 /* RoundedCorner.swift in Sources */,
				164E97EF2614ACF000D84B7F /* Strings.swift in Sources */,
				244A3B81263A652500D8B08B /* EditProfileContentView.swift in Sources */,
				246D7236265B54CE0011F960 /* BirthdateField.swift in Sources */,
				7AD9B8812626F17400CF0EA6 /* SignInContentView.swift in Sources */,
				16FC4F2E265C7B8000D1B7E2 /* LinearGradient+Extensions.swift in Sources */,
				7AB1B91E26438C7C00853FAC /* RoundedCornerRectangle.swift in Sources */,
				7A734D92262FFAA900557EF7 /* BWNeumorphicRectangle.swift in Sources */,
				7AD9B8892626F3A300CF0EA6 /* SignInView.swift in Sources */,
				164E95E726121B6400D84B7F /* Store.swift in Sources */,
				245FFEE62654B71400042B3E /* FieldType.swift in Sources */,
				163E5B64260F32A000E54401 /* Obfuscate.swift in Sources */,
				164E97F02614ACF000D84B7F /* Assets.swift in Sources */,
				164E95F226122BD200D84B7F /* AppReducer.swift in Sources */,
				C65699C42637C91400D24D2F /* SignUpBodyView.swift in Sources */,
				242950A626578AF10075C054 /* PopupConfirmationView.swift in Sources */,
				163E592E260CB88E00E54401 /* KwartrackerApp.swift in Sources */,
				24747FEC2628261A00C7A9A8 /* ChangePasswordView.swift in Sources */,
				24AC7C8E265B716500CE4282 /* SettingsView.swift in Sources */,
			);
			runOnlyForDeploymentPostprocessing = 0;
		};
		163E5937260CB89100E54401 /* Sources */ = {
			isa = PBXSourcesBuildPhase;
			buildActionMask = 2147483647;
			files = (
				163E5940260CB89100E54401 /* KwartrackerTests.swift in Sources */,
			);
			runOnlyForDeploymentPostprocessing = 0;
		};
		163E5942260CB89100E54401 /* Sources */ = {
			isa = PBXSourcesBuildPhase;
			buildActionMask = 2147483647;
			files = (
				163E594B260CB89100E54401 /* KwartrackerUITests.swift in Sources */,
			);
			runOnlyForDeploymentPostprocessing = 0;
		};
/* End PBXSourcesBuildPhase section */

/* Begin PBXTargetDependency section */
		163E593D260CB89100E54401 /* PBXTargetDependency */ = {
			isa = PBXTargetDependency;
			target = 163E5929260CB88E00E54401 /* Kwartracker */;
			targetProxy = 163E593C260CB89100E54401 /* PBXContainerItemProxy */;
		};
		163E5948260CB89100E54401 /* PBXTargetDependency */ = {
			isa = PBXTargetDependency;
			target = 163E5929260CB88E00E54401 /* Kwartracker */;
			targetProxy = 163E5947260CB89100E54401 /* PBXContainerItemProxy */;
		};
/* End PBXTargetDependency section */

/* Begin PBXVariantGroup section */
		164E97EA2614AC2900D84B7F /* Localizable.strings */ = {
			isa = PBXVariantGroup;
			children = (
				164E97E92614AC2900D84B7F /* fil-PH */,
				164E97EB2614AC3100D84B7F /* en */,
			);
			name = Localizable.strings;
			sourceTree = "<group>";
		};
/* End PBXVariantGroup section */

/* Begin XCBuildConfiguration section */
		163E594D260CB89100E54401 /* Debug */ = {
			isa = XCBuildConfiguration;
			buildSettings = {
				ALWAYS_SEARCH_USER_PATHS = NO;
				CLANG_ANALYZER_NONNULL = YES;
				CLANG_ANALYZER_NUMBER_OBJECT_CONVERSION = YES_AGGRESSIVE;
				CLANG_CXX_LANGUAGE_STANDARD = "gnu++14";
				CLANG_CXX_LIBRARY = "libc++";
				CLANG_ENABLE_MODULES = YES;
				CLANG_ENABLE_OBJC_ARC = YES;
				CLANG_ENABLE_OBJC_WEAK = YES;
				CLANG_WARN_BLOCK_CAPTURE_AUTORELEASING = YES;
				CLANG_WARN_BOOL_CONVERSION = YES;
				CLANG_WARN_COMMA = YES;
				CLANG_WARN_CONSTANT_CONVERSION = YES;
				CLANG_WARN_DEPRECATED_OBJC_IMPLEMENTATIONS = YES;
				CLANG_WARN_DIRECT_OBJC_ISA_USAGE = YES_ERROR;
				CLANG_WARN_DOCUMENTATION_COMMENTS = YES;
				CLANG_WARN_EMPTY_BODY = YES;
				CLANG_WARN_ENUM_CONVERSION = YES;
				CLANG_WARN_INFINITE_RECURSION = YES;
				CLANG_WARN_INT_CONVERSION = YES;
				CLANG_WARN_NON_LITERAL_NULL_CONVERSION = YES;
				CLANG_WARN_OBJC_IMPLICIT_RETAIN_SELF = YES;
				CLANG_WARN_OBJC_LITERAL_CONVERSION = YES;
				CLANG_WARN_OBJC_ROOT_CLASS = YES_ERROR;
				CLANG_WARN_QUOTED_INCLUDE_IN_FRAMEWORK_HEADER = YES;
				CLANG_WARN_RANGE_LOOP_ANALYSIS = YES;
				CLANG_WARN_STRICT_PROTOTYPES = YES;
				CLANG_WARN_SUSPICIOUS_MOVE = YES;
				CLANG_WARN_UNGUARDED_AVAILABILITY = YES_AGGRESSIVE;
				CLANG_WARN_UNREACHABLE_CODE = YES;
				CLANG_WARN__DUPLICATE_METHOD_MATCH = YES;
				COPY_PHASE_STRIP = NO;
				DEBUG_INFORMATION_FORMAT = dwarf;
				ENABLE_STRICT_OBJC_MSGSEND = YES;
				ENABLE_TESTABILITY = YES;
				GCC_C_LANGUAGE_STANDARD = gnu11;
				GCC_DYNAMIC_NO_PIC = NO;
				GCC_NO_COMMON_BLOCKS = YES;
				GCC_OPTIMIZATION_LEVEL = 0;
				GCC_PREPROCESSOR_DEFINITIONS = (
					"DEBUG=1",
					"$(inherited)",
				);
				GCC_WARN_64_TO_32_BIT_CONVERSION = YES;
				GCC_WARN_ABOUT_RETURN_TYPE = YES_ERROR;
				GCC_WARN_UNDECLARED_SELECTOR = YES;
				GCC_WARN_UNINITIALIZED_AUTOS = YES_AGGRESSIVE;
				GCC_WARN_UNUSED_FUNCTION = YES;
				GCC_WARN_UNUSED_VARIABLE = YES;
				IPHONEOS_DEPLOYMENT_TARGET = 14.1;
				MTL_ENABLE_DEBUG_INFO = INCLUDE_SOURCE;
				MTL_FAST_MATH = YES;
				ONLY_ACTIVE_ARCH = YES;
				SDKROOT = iphoneos;
				SWIFT_ACTIVE_COMPILATION_CONDITIONS = DEBUG;
				SWIFT_OPTIMIZATION_LEVEL = "-Onone";
				SWIFT_VERSION = 5.0;
			};
			name = Debug;
		};
		163E594E260CB89100E54401 /* Release */ = {
			isa = XCBuildConfiguration;
			buildSettings = {
				ALWAYS_SEARCH_USER_PATHS = NO;
				CLANG_ANALYZER_NONNULL = YES;
				CLANG_ANALYZER_NUMBER_OBJECT_CONVERSION = YES_AGGRESSIVE;
				CLANG_CXX_LANGUAGE_STANDARD = "gnu++14";
				CLANG_CXX_LIBRARY = "libc++";
				CLANG_ENABLE_MODULES = YES;
				CLANG_ENABLE_OBJC_ARC = YES;
				CLANG_ENABLE_OBJC_WEAK = YES;
				CLANG_WARN_BLOCK_CAPTURE_AUTORELEASING = YES;
				CLANG_WARN_BOOL_CONVERSION = YES;
				CLANG_WARN_COMMA = YES;
				CLANG_WARN_CONSTANT_CONVERSION = YES;
				CLANG_WARN_DEPRECATED_OBJC_IMPLEMENTATIONS = YES;
				CLANG_WARN_DIRECT_OBJC_ISA_USAGE = YES_ERROR;
				CLANG_WARN_DOCUMENTATION_COMMENTS = YES;
				CLANG_WARN_EMPTY_BODY = YES;
				CLANG_WARN_ENUM_CONVERSION = YES;
				CLANG_WARN_INFINITE_RECURSION = YES;
				CLANG_WARN_INT_CONVERSION = YES;
				CLANG_WARN_NON_LITERAL_NULL_CONVERSION = YES;
				CLANG_WARN_OBJC_IMPLICIT_RETAIN_SELF = YES;
				CLANG_WARN_OBJC_LITERAL_CONVERSION = YES;
				CLANG_WARN_OBJC_ROOT_CLASS = YES_ERROR;
				CLANG_WARN_QUOTED_INCLUDE_IN_FRAMEWORK_HEADER = YES;
				CLANG_WARN_RANGE_LOOP_ANALYSIS = YES;
				CLANG_WARN_STRICT_PROTOTYPES = YES;
				CLANG_WARN_SUSPICIOUS_MOVE = YES;
				CLANG_WARN_UNGUARDED_AVAILABILITY = YES_AGGRESSIVE;
				CLANG_WARN_UNREACHABLE_CODE = YES;
				CLANG_WARN__DUPLICATE_METHOD_MATCH = YES;
				COPY_PHASE_STRIP = NO;
				DEBUG_INFORMATION_FORMAT = "dwarf-with-dsym";
				ENABLE_NS_ASSERTIONS = NO;
				ENABLE_STRICT_OBJC_MSGSEND = YES;
				GCC_C_LANGUAGE_STANDARD = gnu11;
				GCC_NO_COMMON_BLOCKS = YES;
				GCC_WARN_64_TO_32_BIT_CONVERSION = YES;
				GCC_WARN_ABOUT_RETURN_TYPE = YES_ERROR;
				GCC_WARN_UNDECLARED_SELECTOR = YES;
				GCC_WARN_UNINITIALIZED_AUTOS = YES_AGGRESSIVE;
				GCC_WARN_UNUSED_FUNCTION = YES;
				GCC_WARN_UNUSED_VARIABLE = YES;
				IPHONEOS_DEPLOYMENT_TARGET = 14.1;
				MTL_ENABLE_DEBUG_INFO = NO;
				MTL_FAST_MATH = YES;
				SDKROOT = iphoneos;
				SWIFT_COMPILATION_MODE = wholemodule;
				SWIFT_OPTIMIZATION_LEVEL = "-O";
				SWIFT_VERSION = 5.0;
				VALIDATE_PRODUCT = YES;
			};
			name = Release;
		};
		163E5950260CB89100E54401 /* Debug */ = {
			isa = XCBuildConfiguration;
			baseConfigurationReference = 2B40F9CAECD52C6174D15F90 /* Pods-Kwartracker.debug.xcconfig */;
			buildSettings = {
				ASSETCATALOG_COMPILER_APPICON_NAME = AppIcon;
				ASSETCATALOG_COMPILER_GLOBAL_ACCENT_COLOR_NAME = AccentColor;
				CODE_SIGN_STYLE = Automatic;
				DEVELOPMENT_ASSET_PATHS = "\"Kwartracker/Preview Content\"";
				DEVELOPMENT_TEAM = UH6TFVQ36D;
				ENABLE_PREVIEWS = YES;
				INFOPLIST_FILE = Kwartracker/Info.plist;
				IPHONEOS_DEPLOYMENT_TARGET = 14.1;
				LD_RUNPATH_SEARCH_PATHS = (
					"$(inherited)",
					"@executable_path/Frameworks",
				);
				PRODUCT_BUNDLE_IDENTIFIER = com.kwartracker.ios;
				PRODUCT_NAME = "$(TARGET_NAME)";
				SWIFT_VERSION = 5.0;
				TARGETED_DEVICE_FAMILY = "1,2";
			};
			name = Debug;
		};
		163E5951260CB89100E54401 /* Release */ = {
			isa = XCBuildConfiguration;
			baseConfigurationReference = E92E52C6C8A440656B2D492B /* Pods-Kwartracker.release.xcconfig */;
			buildSettings = {
				ASSETCATALOG_COMPILER_APPICON_NAME = AppIcon;
				ASSETCATALOG_COMPILER_GLOBAL_ACCENT_COLOR_NAME = AccentColor;
				CODE_SIGN_STYLE = Automatic;
				DEVELOPMENT_ASSET_PATHS = "\"Kwartracker/Preview Content\"";
				DEVELOPMENT_TEAM = UH6TFVQ36D;
				ENABLE_PREVIEWS = YES;
				INFOPLIST_FILE = Kwartracker/Info.plist;
				IPHONEOS_DEPLOYMENT_TARGET = 14.1;
				LD_RUNPATH_SEARCH_PATHS = (
					"$(inherited)",
					"@executable_path/Frameworks",
				);
				PRODUCT_BUNDLE_IDENTIFIER = com.kwartracker.ios;
				PRODUCT_NAME = "$(TARGET_NAME)";
				SWIFT_VERSION = 5.0;
				TARGETED_DEVICE_FAMILY = "1,2";
			};
			name = Release;
		};
		163E5953260CB89100E54401 /* Debug */ = {
			isa = XCBuildConfiguration;
			baseConfigurationReference = 9E15A147209E6A913358D61B /* Pods-KwartrackerTests.debug.xcconfig */;
			buildSettings = {
				ALWAYS_EMBED_SWIFT_STANDARD_LIBRARIES = YES;
				BUNDLE_LOADER = "$(TEST_HOST)";
				CODE_SIGN_STYLE = Automatic;
				INFOPLIST_FILE = KwartrackerTests/Info.plist;
				IPHONEOS_DEPLOYMENT_TARGET = 14.1;
				LD_RUNPATH_SEARCH_PATHS = (
					"$(inherited)",
					"@executable_path/Frameworks",
					"@loader_path/Frameworks",
				);
				PRODUCT_BUNDLE_IDENTIFIER = jacobearlpotolin.io.KwartrackerTests;
				PRODUCT_NAME = "$(TARGET_NAME)";
				SWIFT_VERSION = 5.0;
				TARGETED_DEVICE_FAMILY = "1,2";
				TEST_HOST = "$(BUILT_PRODUCTS_DIR)/Kwartracker.app/Kwartracker";
			};
			name = Debug;
		};
		163E5954260CB89100E54401 /* Release */ = {
			isa = XCBuildConfiguration;
			baseConfigurationReference = ECAD999F4975C5E8E117CF29 /* Pods-KwartrackerTests.release.xcconfig */;
			buildSettings = {
				ALWAYS_EMBED_SWIFT_STANDARD_LIBRARIES = YES;
				BUNDLE_LOADER = "$(TEST_HOST)";
				CODE_SIGN_STYLE = Automatic;
				INFOPLIST_FILE = KwartrackerTests/Info.plist;
				IPHONEOS_DEPLOYMENT_TARGET = 14.1;
				LD_RUNPATH_SEARCH_PATHS = (
					"$(inherited)",
					"@executable_path/Frameworks",
					"@loader_path/Frameworks",
				);
				PRODUCT_BUNDLE_IDENTIFIER = jacobearlpotolin.io.KwartrackerTests;
				PRODUCT_NAME = "$(TARGET_NAME)";
				SWIFT_VERSION = 5.0;
				TARGETED_DEVICE_FAMILY = "1,2";
				TEST_HOST = "$(BUILT_PRODUCTS_DIR)/Kwartracker.app/Kwartracker";
			};
			name = Release;
		};
		163E5956260CB89100E54401 /* Debug */ = {
			isa = XCBuildConfiguration;
			baseConfigurationReference = DF4D41E232EA75D22CD128E1 /* Pods-Kwartracker-KwartrackerUITests.debug.xcconfig */;
			buildSettings = {
				ALWAYS_EMBED_SWIFT_STANDARD_LIBRARIES = YES;
				CODE_SIGN_STYLE = Automatic;
				INFOPLIST_FILE = KwartrackerUITests/Info.plist;
				LD_RUNPATH_SEARCH_PATHS = (
					"$(inherited)",
					"@executable_path/Frameworks",
					"@loader_path/Frameworks",
				);
				PRODUCT_BUNDLE_IDENTIFIER = jacobearlpotolin.io.KwartrackerUITests;
				PRODUCT_NAME = "$(TARGET_NAME)";
				SWIFT_VERSION = 5.0;
				TARGETED_DEVICE_FAMILY = "1,2";
				TEST_TARGET_NAME = Kwartracker;
			};
			name = Debug;
		};
		163E5957260CB89100E54401 /* Release */ = {
			isa = XCBuildConfiguration;
			baseConfigurationReference = DD3E9E5BB7FB306F0A54B049 /* Pods-Kwartracker-KwartrackerUITests.release.xcconfig */;
			buildSettings = {
				ALWAYS_EMBED_SWIFT_STANDARD_LIBRARIES = YES;
				CODE_SIGN_STYLE = Automatic;
				INFOPLIST_FILE = KwartrackerUITests/Info.plist;
				LD_RUNPATH_SEARCH_PATHS = (
					"$(inherited)",
					"@executable_path/Frameworks",
					"@loader_path/Frameworks",
				);
				PRODUCT_BUNDLE_IDENTIFIER = jacobearlpotolin.io.KwartrackerUITests;
				PRODUCT_NAME = "$(TARGET_NAME)";
				SWIFT_VERSION = 5.0;
				TARGETED_DEVICE_FAMILY = "1,2";
				TEST_TARGET_NAME = Kwartracker;
			};
			name = Release;
		};
/* End XCBuildConfiguration section */

/* Begin XCConfigurationList section */
		163E5925260CB88E00E54401 /* Build configuration list for PBXProject "Kwartracker" */ = {
			isa = XCConfigurationList;
			buildConfigurations = (
				163E594D260CB89100E54401 /* Debug */,
				163E594E260CB89100E54401 /* Release */,
			);
			defaultConfigurationIsVisible = 0;
			defaultConfigurationName = Release;
		};
		163E594F260CB89100E54401 /* Build configuration list for PBXNativeTarget "Kwartracker" */ = {
			isa = XCConfigurationList;
			buildConfigurations = (
				163E5950260CB89100E54401 /* Debug */,
				163E5951260CB89100E54401 /* Release */,
			);
			defaultConfigurationIsVisible = 0;
			defaultConfigurationName = Release;
		};
		163E5952260CB89100E54401 /* Build configuration list for PBXNativeTarget "KwartrackerTests" */ = {
			isa = XCConfigurationList;
			buildConfigurations = (
				163E5953260CB89100E54401 /* Debug */,
				163E5954260CB89100E54401 /* Release */,
			);
			defaultConfigurationIsVisible = 0;
			defaultConfigurationName = Release;
		};
		163E5955260CB89100E54401 /* Build configuration list for PBXNativeTarget "KwartrackerUITests" */ = {
			isa = XCConfigurationList;
			buildConfigurations = (
				163E5956260CB89100E54401 /* Debug */,
				163E5957260CB89100E54401 /* Release */,
			);
			defaultConfigurationIsVisible = 0;
			defaultConfigurationName = Release;
		};
/* End XCConfigurationList section */
	};
	rootObject = 163E5922260CB88E00E54401 /* Project object */;
}
